
Microsoft Visual Studio Solution File, Format Version 12.00
# Visual Studio 2013
Project("{FAE04EC0-301F-11D3-BF4B-00C04F79EFBC}") = "ZhuGongKaPai.CSharp", "ZhuGongKaPai.CSharp.csproj", "{F2D1B34B-ADED-9246-53FA-4C0B774F734C}"
EndProject
Project("{FAE04EC0-301F-11D3-BF4B-00C04F79EFBC}") = "ZhuGongKaPai.CSharp.Editor", "ZhuGongKaPai.CSharp.Editor.csproj", "{2F191A5A-3E5F-C3C5-4FCA-A0D0A958860B}"
EndProject
Global
	GlobalSection(SolutionConfigurationPlatforms) = preSolution
		Debug|Any CPU = Debug|Any CPU
		Release|Any CPU = Release|Any CPU
	EndGlobalSection
	GlobalSection(ProjectConfigurationPlatforms) = postSolution
		{F2D1B34B-ADED-9246-53FA-4C0B774F734C}.Debug|Any CPU.ActiveCfg = Debug|Any CPU
		{F2D1B34B-ADED-9246-53FA-4C0B774F734C}.Debug|Any CPU.Build.0 = Debug|Any CPU
		{F2D1B34B-ADED-9246-53FA-4C0B774F734C}.Release|Any CPU.ActiveCfg = Release|Any CPU
		{F2D1B34B-ADED-9246-53FA-4C0B774F734C}.Release|Any CPU.Build.0 = Release|Any CPU
		{2F191A5A-3E5F-C3C5-4FCA-A0D0A958860B}.Debug|Any CPU.ActiveCfg = Debug|Any CPU
		{2F191A5A-3E5F-C3C5-4FCA-A0D0A958860B}.Debug|Any CPU.Build.0 = Debug|Any CPU
		{2F191A5A-3E5F-C3C5-4FCA-A0D0A958860B}.Release|Any CPU.ActiveCfg = Release|Any CPU
		{2F191A5A-3E5F-C3C5-4FCA-A0D0A958860B}.Release|Any CPU.Build.0 = Release|Any CPU
	EndGlobalSection
	GlobalSection(SolutionProperties) = preSolution
		HideSolutionNode = FALSE
	EndGlobalSection
EndGlobal
