Microsoft Visual Studio Solution File, Format Version 11.00
# Visual Studio 2008

Project("{D2B739A7-28A8-44AC-DAA1-D75ECDD789D7}") = "yd", "Assembly-CSharp.csproj", "{66724B43-DBD2-ABD0-20C1-33AF22D4FD6C}"
EndProject
Global
	GlobalSection(SolutionConfigurationPlatforms) = preSolution
		Debug|Any CPU = Debug|Any CPU
		Release|Any CPU = Release|Any CPU
	EndGlobalSection
	GlobalSection(ProjectConfigurationPlatforms) = postSolution
		{66724B43-DBD2-ABD0-20C1-33AF22D4FD6C}.Debug|Any CPU.ActiveCfg = Debug|Any CPU
		{66724B43-DBD2-ABD0-20C1-33AF22D4FD6C}.Debug|Any CPU.Build.0 = Debug|Any CPU
		{66724B43-DBD2-ABD0-20C1-33AF22D4FD6C}.Release|Any CPU.ActiveCfg = Release|Any CPU
		{66724B43-DBD2-ABD0-20C1-33AF22D4FD6C}.Release|Any CPU.Build.0 = Release|Any CPU
	EndGlobalSection
	GlobalSection(SolutionProperties) = preSolution
		HideSolutionNode = FALSE
	EndGlobalSection
	GlobalSection(MonoDevelopProperties) = preSolution
		StartupItem = Assembly-CSharp.csproj
	EndGlobalSection
EndGlobal
