
Microsoft Visual Studio Solution File, Format Version 12.00
# Visual Studio 2013
Project("{FAE04EC0-301F-11D3-BF4B-00C04F79EFBC}") = "BookTempleGame.CSharp.Plugins", "BookTempleGame.CSharp.Plugins.csproj", "{BC9E5146-C051-61A8-C16A-0CA0A748ABDE}"
EndProject
Project("{FAE04EC0-301F-11D3-BF4B-00C04F79EFBC}") = "BookTempleGame.CSharp", "BookTempleGame.CSharp.csproj", "{41CF4145-8411-E064-64DA-96235B371AC9}"
EndProject
Project("{FAE04EC0-301F-11D3-BF4B-00C04F79EFBC}") = "BookTempleGame.CSharp.Editor", "BookTempleGame.CSharp.Editor.csproj", "{4F0E5686-2D98-EC71-D527-DED819A4C309}"
EndProject
Global
	GlobalSection(SolutionConfigurationPlatforms) = preSolution
		Debug|Any CPU = Debug|Any CPU
		Release|Any CPU = Release|Any CPU
	EndGlobalSection
	GlobalSection(ProjectConfigurationPlatforms) = postSolution
		{BC9E5146-C051-61A8-C16A-0CA0A748ABDE}.Debug|Any CPU.ActiveCfg = Debug|Any CPU
		{BC9E5146-C051-61A8-C16A-0CA0A748ABDE}.Debug|Any CPU.Build.0 = Debug|Any CPU
		{BC9E5146-C051-61A8-C16A-0CA0A748ABDE}.Release|Any CPU.ActiveCfg = Release|Any CPU
		{BC9E5146-C051-61A8-C16A-0CA0A748ABDE}.Release|Any CPU.Build.0 = Release|Any CPU
		{41CF4145-8411-E064-64DA-96235B371AC9}.Debug|Any CPU.ActiveCfg = Debug|Any CPU
		{41CF4145-8411-E064-64DA-96235B371AC9}.Debug|Any CPU.Build.0 = Debug|Any CPU
		{41CF4145-8411-E064-64DA-96235B371AC9}.Release|Any CPU.ActiveCfg = Release|Any CPU
		{41CF4145-8411-E064-64DA-96235B371AC9}.Release|Any CPU.Build.0 = Release|Any CPU
		{4F0E5686-2D98-EC71-D527-DED819A4C309}.Debug|Any CPU.ActiveCfg = Debug|Any CPU
		{4F0E5686-2D98-EC71-D527-DED819A4C309}.Debug|Any CPU.Build.0 = Debug|Any CPU
		{4F0E5686-2D98-EC71-D527-DED819A4C309}.Release|Any CPU.ActiveCfg = Release|Any CPU
		{4F0E5686-2D98-EC71-D527-DED819A4C309}.Release|Any CPU.Build.0 = Release|Any CPU
	EndGlobalSection
	GlobalSection(SolutionProperties) = preSolution
		HideSolutionNode = FALSE
	EndGlobalSection
EndGlobal
