
Microsoft Visual Studio Solution File, Format Version 12.00
# Visual Studio 2013
VisualStudioVersion = 12.0.40629.0
MinimumVisualStudioVersion = 10.0.40219.1
Project("{FAE04EC0-301F-11D3-BF4B-00C04F79EFBC}") = "值传递和引用传递", "值传递和引用传递\值传递和引用传递.csproj", "{2D690333-3826-4701-9C79-861C95A814C0}"
EndProject
Global
	GlobalSection(SolutionConfigurationPlatforms) = preSolution
		Debug|Any CPU = Debug|Any CPU
		Release|Any CPU = Release|Any CPU
	EndGlobalSection
	GlobalSection(ProjectConfigurationPlatforms) = postSolution
		{2D690333-3826-4701-9C79-861C95A814C0}.Debug|Any CPU.ActiveCfg = Debug|Any CPU
		{2D690333-3826-4701-9C79-861C95A814C0}.Debug|Any CPU.Build.0 = Debug|Any CPU
		{2D690333-3826-4701-9C79-861C95A814C0}.Release|Any CPU.ActiveCfg = Release|Any CPU
		{2D690333-3826-4701-9C79-861C95A814C0}.Release|Any CPU.Build.0 = Release|Any CPU
	EndGlobalSection
	GlobalSection(SolutionProperties) = preSolution
		HideSolutionNode = FALSE
	EndGlobalSection
EndGlobal
